// !$*UTF8*$!
{
	archiveVersion = 1;
	classes = {
	};
	objectVersion = 46;
	objects = {

/* Begin PBXBuildFile section */
		81755A991E88330B002C9467 /* AppDelegate.swift in Sources */ = {isa = PBXBuildFile; fileRef = 81755A981E88330B002C9467 /* AppDelegate.swift */; };
		81755A9B1E88330B002C9467 /* ViewController.swift in Sources */ = {isa = PBXBuildFile; fileRef = 81755A9A1E88330B002C9467 /* ViewController.swift */; };
		81755A9E1E88330B002C9467 /* Main.storyboard in Resources */ = {isa = PBXBuildFile; fileRef = 81755A9C1E88330B002C9467 /* Main.storyboard */; };
		81755AA01E88330B002C9467 /* Assets.xcassets in Resources */ = {isa = PBXBuildFile; fileRef = 81755A9F1E88330B002C9467 /* Assets.xcassets */; };
		81755AA31E88330B002C9467 /* LaunchScreen.storyboard in Resources */ = {isa = PBXBuildFile; fileRef = 81755AA11E88330B002C9467 /* LaunchScreen.storyboard */; };
		81755AAE1E88330B002C9467 /* CalculatorBrainTest.swift in Sources */ = {isa = PBXBuildFile; fileRef = 81755AAD1E88330B002C9467 /* CalculatorBrainTest.swift */; };
		81755AB91E88330B002C9467 /* InfixCalculatorUITests.swift in Sources */ = {isa = PBXBuildFile; fileRef = 81755AB81E88330B002C9467 /* InfixCalculatorUITests.swift */; };
		81755AC71E8834A2002C9467 /* BorderedButton.swift in Sources */ = {isa = PBXBuildFile; fileRef = 81755AC61E8834A2002C9467 /* BorderedButton.swift */; };
		A7E61084E381B0F2AE510CC4 /* CalculatorBrain.swift in Sources */ = {isa = PBXBuildFile; fileRef = A7E61B7C4FBA19EA60310437 /* CalculatorBrain.swift */; };
		A7E61789453D206722CF59A5 /* DoubleExtension.swift in Sources */ = {isa = PBXBuildFile; fileRef = A7E61562B7D87DF512652DEC /* DoubleExtension.swift */; };
/* End PBXBuildFile section */

/* Begin PBXContainerItemProxy section */
		81755AAA1E88330B002C9467 /* PBXContainerItemProxy */ = {
			isa = PBXContainerItemProxy;
			containerPortal = 81755A8D1E88330B002C9467 /* Project object */;
			proxyType = 1;
			remoteGlobalIDString = 81755A941E88330B002C9467;
			remoteInfo = InfixCalculator;
		};
		81755AB51E88330B002C9467 /* PBXContainerItemProxy */ = {
			isa = PBXContainerItemProxy;
			containerPortal = 81755A8D1E88330B002C9467 /* Project object */;
			proxyType = 1;
			remoteGlobalIDString = 81755A941E88330B002C9467;
			remoteInfo = InfixCalculator;
		};
/* End PBXContainerItemProxy section */

/* Begin PBXFileReference section */
		81755A951E88330B002C9467 /* InfixCalculator.app */ = {isa = PBXFileReference; explicitFileType = wrapper.application; includeInIndex = 0; path = InfixCalculator.app; sourceTree = BUILT_PRODUCTS_DIR; };
		81755A981E88330B002C9467 /* AppDelegate.swift */ = {isa = PBXFileReference; lastKnownFileType = sourcecode.swift; path = AppDelegate.swift; sourceTree = "<group>"; };
		81755A9A1E88330B002C9467 /* ViewController.swift */ = {isa = PBXFileReference; lastKnownFileType = sourcecode.swift; path = ViewController.swift; sourceTree = "<group>"; };
		81755A9D1E88330B002C9467 /* Base */ = {isa = PBXFileReference; lastKnownFileType = file.storyboard; name = Base; path = Base.lproj/Main.storyboard; sourceTree = "<group>"; };
		81755A9F1E88330B002C9467 /* Assets.xcassets */ = {isa = PBXFileReference; lastKnownFileType = folder.assetcatalog; path = Assets.xcassets; sourceTree = "<group>"; };
		81755AA21E88330B002C9467 /* Base */ = {isa = PBXFileReference; lastKnownFileType = file.storyboard; name = Base; path = Base.lproj/LaunchScreen.storyboard; sourceTree = "<group>"; };
		81755AA41E88330B002C9467 /* Info.plist */ = {isa = PBXFileReference; lastKnownFileType = text.plist.xml; path = Info.plist; sourceTree = "<group>"; };
		81755AA91E88330B002C9467 /* InfixCalculatorTests.xctest */ = {isa = PBXFileReference; explicitFileType = wrapper.cfbundle; includeInIndex = 0; path = InfixCalculatorTests.xctest; sourceTree = BUILT_PRODUCTS_DIR; };
		81755AAD1E88330B002C9467 /* CalculatorBrainTest.swift */ = {isa = PBXFileReference; lastKnownFileType = sourcecode.swift; path = CalculatorBrainTest.swift; sourceTree = "<group>"; };
		81755AAF1E88330B002C9467 /* Info.plist */ = {isa = PBXFileReference; lastKnownFileType = text.plist.xml; path = Info.plist; sourceTree = "<group>"; };
		81755AB41E88330B002C9467 /* InfixCalculatorUITests.xctest */ = {isa = PBXFileReference; explicitFileType = wrapper.cfbundle; includeInIndex = 0; path = InfixCalculatorUITests.xctest; sourceTree = BUILT_PRODUCTS_DIR; };
		81755AB81E88330B002C9467 /* InfixCalculatorUITests.swift */ = {isa = PBXFileReference; lastKnownFileType = sourcecode.swift; path = InfixCalculatorUITests.swift; sourceTree = "<group>"; };
		81755ABA1E88330B002C9467 /* Info.plist */ = {isa = PBXFileReference; lastKnownFileType = text.plist.xml; path = Info.plist; sourceTree = "<group>"; };
		81755AC61E8834A2002C9467 /* BorderedButton.swift */ = {isa = PBXFileReference; fileEncoding = 4; lastKnownFileType = sourcecode.swift; path = BorderedButton.swift; sourceTree = "<group>"; };
		A7E61562B7D87DF512652DEC /* DoubleExtension.swift */ = {isa = PBXFileReference; fileEncoding = 4; lastKnownFileType = sourcecode.swift; path = DoubleExtension.swift; sourceTree = "<group>"; };
		A7E61B7C4FBA19EA60310437 /* CalculatorBrain.swift */ = {isa = PBXFileReference; fileEncoding = 4; lastKnownFileType = sourcecode.swift; path = CalculatorBrain.swift; sourceTree = "<group>"; };
/* End PBXFileReference section */

/* Begin PBXFrameworksBuildPhase section */
		81755A921E88330B002C9467 /* Frameworks */ = {
			isa = PBXFrameworksBuildPhase;
			buildActionMask = 2147483647;
			files = (
			);
			runOnlyForDeploymentPostprocessing = 0;
		};
		81755AA61E88330B002C9467 /* Frameworks */ = {
			isa = PBXFrameworksBuildPhase;
			buildActionMask = 2147483647;
			files = (
			);
			runOnlyForDeploymentPostprocessing = 0;
		};
		81755AB11E88330B002C9467 /* Frameworks */ = {
			isa = PBXFrameworksBuildPhase;
			buildActionMask = 2147483647;
			files = (
			);
			runOnlyForDeploymentPostprocessing = 0;
		};
/* End PBXFrameworksBuildPhase section */

/* Begin PBXGroup section */
		81755A8C1E88330B002C9467 = {
			isa = PBXGroup;
			children = (
				81755A971E88330B002C9467 /* InfixCalculator */,
				81755AAC1E88330B002C9467 /* InfixCalculatorTests */,
				81755AB71E88330B002C9467 /* InfixCalculatorUITests */,
				81755A961E88330B002C9467 /* Products */,
			);
			sourceTree = "<group>";
		};
		81755A961E88330B002C9467 /* Products */ = {
			isa = PBXGroup;
			children = (
				81755A951E88330B002C9467 /* InfixCalculator.app */,
				81755AA91E88330B002C9467 /* InfixCalculatorTests.xctest */,
				81755AB41E88330B002C9467 /* InfixCalculatorUITests.xctest */,
			);
			name = Products;
			sourceTree = "<group>";
		};
		81755A971E88330B002C9467 /* InfixCalculator */ = {
			isa = PBXGroup;
			children = (
				81755AC61E8834A2002C9467 /* BorderedButton.swift */,
				81755A981E88330B002C9467 /* AppDelegate.swift */,
				81755A9A1E88330B002C9467 /* ViewController.swift */,
				81755A9C1E88330B002C9467 /* Main.storyboard */,
				81755A9F1E88330B002C9467 /* Assets.xcassets */,
				81755AA11E88330B002C9467 /* LaunchScreen.storyboard */,
				81755AA41E88330B002C9467 /* Info.plist */,
				A7E61B7C4FBA19EA60310437 /* CalculatorBrain.swift */,
				A7E61562B7D87DF512652DEC /* DoubleExtension.swift */,
			);
			path = InfixCalculator;
			sourceTree = "<group>";
		};
		81755AAC1E88330B002C9467 /* InfixCalculatorTests */ = {
			isa = PBXGroup;
			children = (
				81755AAD1E88330B002C9467 /* CalculatorBrainTest.swift */,
				81755AAF1E88330B002C9467 /* Info.plist */,
			);
			path = InfixCalculatorTests;
			sourceTree = "<group>";
		};
		81755AB71E88330B002C9467 /* InfixCalculatorUITests */ = {
			isa = PBXGroup;
			children = (
				81755AB81E88330B002C9467 /* InfixCalculatorUITests.swift */,
				81755ABA1E88330B002C9467 /* Info.plist */,
			);
			path = InfixCalculatorUITests;
			sourceTree = "<group>";
		};
/* End PBXGroup section */

/* Begin PBXNativeTarget section */
		81755A941E88330B002C9467 /* InfixCalculator */ = {
			isa = PBXNativeTarget;
			buildConfigurationList = 81755ABD1E88330B002C9467 /* Build configuration list for PBXNativeTarget "InfixCalculator" */;
			buildPhases = (
				81755A911E88330B002C9467 /* Sources */,
				81755A921E88330B002C9467 /* Frameworks */,
				81755A931E88330B002C9467 /* Resources */,
			);
			buildRules = (
			);
			dependencies = (
			);
			name = InfixCalculator;
			productName = InfixCalculator;
			productReference = 81755A951E88330B002C9467 /* InfixCalculator.app */;
			productType = "com.apple.product-type.application";
		};
		81755AA81E88330B002C9467 /* InfixCalculatorTests */ = {
			isa = PBXNativeTarget;
			buildConfigurationList = 81755AC01E88330B002C9467 /* Build configuration list for PBXNativeTarget "InfixCalculatorTests" */;
			buildPhases = (
				81755AA51E88330B002C9467 /* Sources */,
				81755AA61E88330B002C9467 /* Frameworks */,
				81755AA71E88330B002C9467 /* Resources */,
			);
			buildRules = (
			);
			dependencies = (
				81755AAB1E88330B002C9467 /* PBXTargetDependency */,
			);
			name = InfixCalculatorTests;
			productName = InfixCalculatorTests;
			productReference = 81755AA91E88330B002C9467 /* InfixCalculatorTests.xctest */;
			productType = "com.apple.product-type.bundle.unit-test";
		};
		81755AB31E88330B002C9467 /* InfixCalculatorUITests */ = {
			isa = PBXNativeTarget;
			buildConfigurationList = 81755AC31E88330B002C9467 /* Build configuration list for PBXNativeTarget "InfixCalculatorUITests" */;
			buildPhases = (
				81755AB01E88330B002C9467 /* Sources */,
				81755AB11E88330B002C9467 /* Frameworks */,
				81755AB21E88330B002C9467 /* Resources */,
			);
			buildRules = (
			);
			dependencies = (
				81755AB61E88330B002C9467 /* PBXTargetDependency */,
			);
			name = InfixCalculatorUITests;
			productName = InfixCalculatorUITests;
			productReference = 81755AB41E88330B002C9467 /* InfixCalculatorUITests.xctest */;
			productType = "com.apple.product-type.bundle.ui-testing";
		};
/* End PBXNativeTarget section */

/* Begin PBXProject section */
		81755A8D1E88330B002C9467 /* Project object */ = {
			isa = PBXProject;
			attributes = {
				LastSwiftUpdateCheck = 0820;
				LastUpgradeCheck = 0900;
				ORGANIZATIONNAME = "Hans van Luttikhuizen";
				TargetAttributes = {
					81755A941E88330B002C9467 = {
						CreatedOnToolsVersion = 8.2.1;
						DevelopmentTeam = ZLJSX8LJB2;
						LastSwiftMigration = 0900;
						ProvisioningStyle = Automatic;
					};
					81755AA81E88330B002C9467 = {
						CreatedOnToolsVersion = 8.2.1;
						DevelopmentTeam = ZLJSX8LJB2;
						LastSwiftMigration = 0900;
						ProvisioningStyle = Automatic;
						TestTargetID = 81755A941E88330B002C9467;
					};
					81755AB31E88330B002C9467 = {
						CreatedOnToolsVersion = 8.2.1;
						DevelopmentTeam = ZLJSX8LJB2;
						LastSwiftMigration = 0900;
						ProvisioningStyle = Automatic;
						TestTargetID = 81755A941E88330B002C9467;
					};
				};
			};
			buildConfigurationList = 81755A901E88330B002C9467 /* Build configuration list for PBXProject "InfixCalculator" */;
			compatibilityVersion = "Xcode 3.2";
			developmentRegion = English;
			hasScannedForEncodings = 0;
			knownRegions = (
				en,
				Base,
			);
			mainGroup = 81755A8C1E88330B002C9467;
			productRefGroup = 81755A961E88330B002C9467 /* Products */;
			projectDirPath = "";
			projectRoot = "";
			targets = (
				81755A941E88330B002C9467 /* InfixCalculator */,
				81755AA81E88330B002C9467 /* InfixCalculatorTests */,
				81755AB31E88330B002C9467 /* InfixCalculatorUITests */,
			);
		};
/* End PBXProject section */

/* Begin PBXResourcesBuildPhase section */
		81755A931E88330B002C9467 /* Resources */ = {
			isa = PBXResourcesBuildPhase;
			buildActionMask = 2147483647;
			files = (
				81755AA31E88330B002C9467 /* LaunchScreen.storyboard in Resources */,
				81755AA01E88330B002C9467 /* Assets.xcassets in Resources */,
				81755A9E1E88330B002C9467 /* Main.storyboard in Resources */,
			);
			runOnlyForDeploymentPostprocessing = 0;
		};
		81755AA71E88330B002C9467 /* Resources */ = {
			isa = PBXResourcesBuildPhase;
			buildActionMask = 2147483647;
			files = (
			);
			runOnlyForDeploymentPostprocessing = 0;
		};
		81755AB21E88330B002C9467 /* Resources */ = {
			isa = PBXResourcesBuildPhase;
			buildActionMask = 2147483647;
			files = (
			);
			runOnlyForDeploymentPostprocessing = 0;
		};
/* End PBXResourcesBuildPhase section */

/* Begin PBXSourcesBuildPhase section */
		81755A911E88330B002C9467 /* Sources */ = {
			isa = PBXSourcesBuildPhase;
			buildActionMask = 2147483647;
			files = (
				81755A9B1E88330B002C9467 /* ViewController.swift in Sources */,
				81755A991E88330B002C9467 /* AppDelegate.swift in Sources */,
				81755AC71E8834A2002C9467 /* BorderedButton.swift in Sources */,
				A7E61084E381B0F2AE510CC4 /* CalculatorBrain.swift in Sources */,
				A7E61789453D206722CF59A5 /* DoubleExtension.swift in Sources */,
			);
			runOnlyForDeploymentPostprocessing = 0;
		};
		81755AA51E88330B002C9467 /* Sources */ = {
			isa = PBXSourcesBuildPhase;
			buildActionMask = 2147483647;
			files = (
				81755AAE1E88330B002C9467 /* CalculatorBrainTest.swift in Sources */,
			);
			runOnlyForDeploymentPostprocessing = 0;
		};
		81755AB01E88330B002C9467 /* Sources */ = {
			isa = PBXSourcesBuildPhase;
			buildActionMask = 2147483647;
			files = (
				81755AB91E88330B002C9467 /* InfixCalculatorUITests.swift in Sources */,
			);
			runOnlyForDeploymentPostprocessing = 0;
		};
/* End PBXSourcesBuildPhase section */

/* Begin PBXTargetDependency section */
		81755AAB1E88330B002C9467 /* PBXTargetDependency */ = {
			isa = PBXTargetDependency;
			target = 81755A941E88330B002C9467 /* InfixCalculator */;
			targetProxy = 81755AAA1E88330B002C9467 /* PBXContainerItemProxy */;
		};
		81755AB61E88330B002C9467 /* PBXTargetDependency */ = {
			isa = PBXTargetDependency;
			target = 81755A941E88330B002C9467 /* InfixCalculator */;
			targetProxy = 81755AB51E88330B002C9467 /* PBXContainerItemProxy */;
		};
/* End PBXTargetDependency section */

/* Begin PBXVariantGroup section */
		81755A9C1E88330B002C9467 /* Main.storyboard */ = {
			isa = PBXVariantGroup;
			children = (
				81755A9D1E88330B002C9467 /* Base */,
			);
			name = Main.storyboard;
			sourceTree = "<group>";
		};
		81755AA11E88330B002C9467 /* LaunchScreen.storyboard */ = {
			isa = PBXVariantGroup;
			children = (
				81755AA21E88330B002C9467 /* Base */,
			);
			name = LaunchScreen.storyboard;
			sourceTree = "<group>";
		};
/* End PBXVariantGroup section */

/* Begin XCBuildConfiguration section */
		81755ABB1E88330B002C9467 /* Debug */ = {
			isa = XCBuildConfiguration;
			buildSettings = {
				ALWAYS_SEARCH_USER_PATHS = NO;
				CLANG_ANALYZER_NONNULL = YES;
				CLANG_CXX_LANGUAGE_STANDARD = "gnu++0x";
				CLANG_CXX_LIBRARY = "libc++";
				CLANG_ENABLE_MODULES = YES;
				CLANG_ENABLE_OBJC_ARC = YES;
				CLANG_WARN_BLOCK_CAPTURE_AUTORELEASING = YES;
				CLANG_WARN_BOOL_CONVERSION = YES;
				CLANG_WARN_COMMA = YES;
				CLANG_WARN_CONSTANT_CONVERSION = YES;
				CLANG_WARN_DIRECT_OBJC_ISA_USAGE = YES_ERROR;
				CLANG_WARN_DOCUMENTATION_COMMENTS = YES;
				CLANG_WARN_EMPTY_BODY = YES;
				CLANG_WARN_ENUM_CONVERSION = YES;
				CLANG_WARN_INFINITE_RECURSION = YES;
				CLANG_WARN_INT_CONVERSION = YES;
				CLANG_WARN_NON_LITERAL_NULL_CONVERSION = YES;
				CLANG_WARN_OBJC_LITERAL_CONVERSION = YES;
				CLANG_WARN_OBJC_ROOT_CLASS = YES_ERROR;
				CLANG_WARN_RANGE_LOOP_ANALYSIS = YES;
				CLANG_WARN_STRICT_PROTOTYPES = YES;
				CLANG_WARN_SUSPICIOUS_MOVE = YES;
				CLANG_WARN_UNREACHABLE_CODE = YES;
				CLANG_WARN__DUPLICATE_METHOD_MATCH = YES;
				"CODE_SIGN_IDENTITY[sdk=iphoneos*]" = "iPhone Developer";
				COPY_PHASE_STRIP = NO;
				DEBUG_INFORMATION_FORMAT = dwarf;
				ENABLE_STRICT_OBJC_MSGSEND = YES;
				ENABLE_TESTABILITY = YES;
				GCC_C_LANGUAGE_STANDARD = gnu99;
				GCC_DYNAMIC_NO_PIC = NO;
				GCC_NO_COMMON_BLOCKS = YES;
				GCC_OPTIMIZATION_LEVEL = 0;
				GCC_PREPROCESSOR_DEFINITIONS = (
					"DEBUG=1",
					"$(inherited)",
				);
				GCC_WARN_64_TO_32_BIT_CONVERSION = YES;
				GCC_WARN_ABOUT_RETURN_TYPE = YES_ERROR;
				GCC_WARN_UNDECLARED_SELECTOR = YES;
				GCC_WARN_UNINITIALIZED_AUTOS = YES_AGGRESSIVE;
				GCC_WARN_UNUSED_FUNCTION = YES;
				GCC_WARN_UNUSED_VARIABLE = YES;
				IPHONEOS_DEPLOYMENT_TARGET = 10.3;
				MTL_ENABLE_DEBUG_INFO = YES;
				ONLY_ACTIVE_ARCH = YES;
				SDKROOT = iphoneos;
				SWIFT_ACTIVE_COMPILATION_CONDITIONS = DEBUG;
				SWIFT_OPTIMIZATION_LEVEL = "-Onone";
				SWIFT_SWIFT3_OBJC_INFERENCE = Off;
				TARGETED_DEVICE_FAMILY = "1,2";
			};
			name = Debug;
		};
		81755ABC1E88330B002C9467 /* Release */ = {
			isa = XCBuildConfiguration;
			buildSettings = {
				ALWAYS_SEARCH_USER_PATHS = NO;
				CLANG_ANALYZER_NONNULL = YES;
				CLANG_CXX_LANGUAGE_STANDARD = "gnu++0x";
				CLANG_CXX_LIBRARY = "libc++";
				CLANG_ENABLE_MODULES = YES;
				CLANG_ENABLE_OBJC_ARC = YES;
				CLANG_WARN_BLOCK_CAPTURE_AUTORELEASING = YES;
				CLANG_WARN_BOOL_CONVERSION = YES;
				CLANG_WARN_COMMA = YES;
				CLANG_WARN_CONSTANT_CONVERSION = YES;
				CLANG_WARN_DIRECT_OBJC_ISA_USAGE = YES_ERROR;
				CLANG_WARN_DOCUMENTATION_COMMENTS = YES;
				CLANG_WARN_EMPTY_BODY = YES;
				CLANG_WARN_ENUM_CONVERSION = YES;
				CLANG_WARN_INFINITE_RECURSION = YES;
				CLANG_WARN_INT_CONVERSION = YES;
				CLANG_WARN_NON_LITERAL_NULL_CONVERSION = YES;
				CLANG_WARN_OBJC_LITERAL_CONVERSION = YES;
				CLANG_WARN_OBJC_ROOT_CLASS = YES_ERROR;
				CLANG_WARN_RANGE_LOOP_ANALYSIS = YES;
				CLANG_WARN_STRICT_PROTOTYPES = YES;
				CLANG_WARN_SUSPICIOUS_MOVE = YES;
				CLANG_WARN_UNREACHABLE_CODE = YES;
				CLANG_WARN__DUPLICATE_METHOD_MATCH = YES;
				"CODE_SIGN_IDENTITY[sdk=iphoneos*]" = "iPhone Developer";
				COPY_PHASE_STRIP = NO;
				DEBUG_INFORMATION_FORMAT = "dwarf-with-dsym";
				ENABLE_NS_ASSERTIONS = NO;
				ENABLE_STRICT_OBJC_MSGSEND = YES;
				GCC_C_LANGUAGE_STANDARD = gnu99;
				GCC_NO_COMMON_BLOCKS = YES;
				GCC_WARN_64_TO_32_BIT_CONVERSION = YES;
				GCC_WARN_ABOUT_RETURN_TYPE = YES_ERROR;
				GCC_WARN_UNDECLARED_SELECTOR = YES;
				GCC_WARN_UNINITIALIZED_AUTOS = YES_AGGRESSIVE;
				GCC_WARN_UNUSED_FUNCTION = YES;
				GCC_WARN_UNUSED_VARIABLE = YES;
				IPHONEOS_DEPLOYMENT_TARGET = 10.3;
				MTL_ENABLE_DEBUG_INFO = NO;
				SDKROOT = iphoneos;
				SWIFT_OPTIMIZATION_LEVEL = "-Owholemodule";
				SWIFT_SWIFT3_OBJC_INFERENCE = Off;
				TARGETED_DEVICE_FAMILY = "1,2";
				VALIDATE_PRODUCT = YES;
			};
			name = Release;
		};
		81755ABE1E88330B002C9467 /* Debug */ = {
			isa = XCBuildConfiguration;
			buildSettings = {
				ASSETCATALOG_COMPILER_APPICON_NAME = AppIcon;
				DEVELOPMENT_TEAM = ZLJSX8LJB2;
				INFOPLIST_FILE = InfixCalculator/Info.plist;
				LD_RUNPATH_SEARCH_PATHS = "$(inherited) @executable_path/Frameworks";
				PRODUCT_BUNDLE_IDENTIFIER = nl.pindab0ter.InfixCalculator;
				PRODUCT_NAME = "$(TARGET_NAME)";
				SWIFT_SWIFT3_OBJC_INFERENCE = Default;
				SWIFT_VERSION = 4.0;
			};
			name = Debug;
		};
		81755ABF1E88330B002C9467 /* Release */ = {
			isa = XCBuildConfiguration;
			buildSettings = {
				ASSETCATALOG_COMPILER_APPICON_NAME = AppIcon;
				DEVELOPMENT_TEAM = ZLJSX8LJB2;
				INFOPLIST_FILE = InfixCalculator/Info.plist;
				LD_RUNPATH_SEARCH_PATHS = "$(inherited) @executable_path/Frameworks";
				PRODUCT_BUNDLE_IDENTIFIER = nl.pindab0ter.InfixCalculator;
				PRODUCT_NAME = "$(TARGET_NAME)";
				SWIFT_SWIFT3_OBJC_INFERENCE = Default;
				SWIFT_VERSION = 4.0;
			};
			name = Release;
		};
		81755AC11E88330B002C9467 /* Debug */ = {
			isa = XCBuildConfiguration;
			buildSettings = {
				ALWAYS_EMBED_SWIFT_STANDARD_LIBRARIES = YES;
				BUNDLE_LOADER = "$(TEST_HOST)";
				DEVELOPMENT_TEAM = ZLJSX8LJB2;
				INFOPLIST_FILE = InfixCalculatorTests/Info.plist;
				LD_RUNPATH_SEARCH_PATHS = "$(inherited) @executable_path/Frameworks @loader_path/Frameworks";
				PRODUCT_BUNDLE_IDENTIFIER = nl.pindab0ter.InfixCalculatorTests;
				PRODUCT_NAME = "$(TARGET_NAME)";
				SWIFT_SWIFT3_OBJC_INFERENCE = Default;
				SWIFT_VERSION = 4.0;
				TEST_HOST = "$(BUILT_PRODUCTS_DIR)/InfixCalculator.app/InfixCalculator";
			};
			name = Debug;
		};
		81755AC21E88330B002C9467 /* Release */ = {
			isa = XCBuildConfiguration;
			buildSettings = {
				ALWAYS_EMBED_SWIFT_STANDARD_LIBRARIES = YES;
				BUNDLE_LOADER = "$(TEST_HOST)";
				DEVELOPMENT_TEAM = ZLJSX8LJB2;
				INFOPLIST_FILE = InfixCalculatorTests/Info.plist;
				LD_RUNPATH_SEARCH_PATHS = "$(inherited) @executable_path/Frameworks @loader_path/Frameworks";
				PRODUCT_BUNDLE_IDENTIFIER = nl.pindab0ter.InfixCalculatorTests;
				PRODUCT_NAME = "$(TARGET_NAME)";
				SWIFT_SWIFT3_OBJC_INFERENCE = Default;
				SWIFT_VERSION = 4.0;
				TEST_HOST = "$(BUILT_PRODUCTS_DIR)/InfixCalculator.app/InfixCalculator";
			};
			name = Release;
		};
		81755AC41E88330B002C9467 /* Debug */ = {
			isa = XCBuildConfiguration;
			buildSettings = {
				ALWAYS_EMBED_SWIFT_STANDARD_LIBRARIES = YES;
				DEVELOPMENT_TEAM = ZLJSX8LJB2;
				INFOPLIST_FILE = InfixCalculatorUITests/Info.plist;
				LD_RUNPATH_SEARCH_PATHS = "$(inherited) @executable_path/Frameworks @loader_path/Frameworks";
				PRODUCT_BUNDLE_IDENTIFIER = nl.pindab0ter.InfixCalculatorUITests;
				PRODUCT_NAME = "$(TARGET_NAME)";
				SWIFT_SWIFT3_OBJC_INFERENCE = Default;
				SWIFT_VERSION = 4.0;
				TEST_TARGET_NAME = InfixCalculator;
			};
			name = Debug;
		};
		81755AC51E88330B002C9467 /* Release */ = {
			isa = XCBuildConfiguration;
			buildSettings = {
				ALWAYS_EMBED_SWIFT_STANDARD_LIBRARIES = YES;
				DEVELOPMENT_TEAM = ZLJSX8LJB2;
				INFOPLIST_FILE = InfixCalculatorUITests/Info.plist;
				LD_RUNPATH_SEARCH_PATHS = "$(inherited) @executable_path/Frameworks @loader_path/Frameworks";
				PRODUCT_BUNDLE_IDENTIFIER = nl.pindab0ter.InfixCalculatorUITests;
				PRODUCT_NAME = "$(TARGET_NAME)";
				SWIFT_SWIFT3_OBJC_INFERENCE = Default;
				SWIFT_VERSION = 4.0;
				TEST_TARGET_NAME = InfixCalculator;
			};
			name = Release;
		};
/* End XCBuildConfiguration section */

/* Begin XCConfigurationList section */
		81755A901E88330B002C9467 /* Build configuration list for PBXProject "InfixCalculator" */ = {
			isa = XCConfigurationList;
			buildConfigurations = (
				81755ABB1E88330B002C9467 /* Debug */,
				81755ABC1E88330B002C9467 /* Release */,
			);
			defaultConfigurationIsVisible = 0;
			defaultConfigurationName = Release;
		};
		81755ABD1E88330B002C9467 /* Build configuration list for PBXNativeTarget "InfixCalculator" */ = {
			isa = XCConfigurationList;
			buildConfigurations = (
				81755ABE1E88330B002C9467 /* Debug */,
				81755ABF1E88330B002C9467 /* Release */,
			);
			defaultConfigurationIsVisible = 0;
			defaultConfigurationName = Release;
		};
		81755AC01E88330B002C9467 /* Build configuration list for PBXNativeTarget "InfixCalculatorTests" */ = {
			isa = XCConfigurationList;
			buildConfigurations = (
				81755AC11E88330B002C9467 /* Debug */,
				81755AC21E88330B002C9467 /* Release */,
			);
			defaultConfigurationIsVisible = 0;
			defaultConfigurationName = Release;
		};
		81755AC31E88330B002C9467 /* Build configuration list for PBXNativeTarget "InfixCalculatorUITests" */ = {
			isa = XCConfigurationList;
			buildConfigurations = (
				81755AC41E88330B002C9467 /* Debug */,
				81755AC51E88330B002C9467 /* Release */,
			);
			defaultConfigurationIsVisible = 0;
			defaultConfigurationName = Release;
		};
/* End XCConfigurationList section */
	};
	rootObject = 81755A8D1E88330B002C9467 /* Project object */;
}
